
Microsoft Visual Studio Solution File, Format Version 12.00
# Visual Studio Version 16
VisualStudioVersion = 16.0.30503.244
MinimumVisualStudioVersion = 10.0.40219.1
Project("{FAE04EC0-301F-11D3-BF4B-00C04F79EFBC}") = "OVERAS", "OVERAS\OVERAS.csproj", "{3D4451F8-30B0-4E43-8557-91EB85399A36}"
EndProject
Global
	GlobalSection(SolutionConfigurationPlatforms) = preSolution
		Debug|Any CPU = Debug|Any CPU
		Release|Any CPU = Release|Any CPU
	EndGlobalSection
	GlobalSection(ProjectConfigurationPlatforms) = postSolution
		{3D4451F8-30B0-4E43-8557-91EB85399A36}.Debug|Any CPU.ActiveCfg = Debug|Any CPU
		{3D4451F8-30B0-4E43-8557-91EB85399A36}.Debug|Any CPU.Build.0 = Debug|Any CPU
		{3D4451F8-30B0-4E43-8557-91EB85399A36}.Release|Any CPU.ActiveCfg = Release|Any CPU
		{3D4451F8-30B0-4E43-8557-91EB85399A36}.Release|Any CPU.Build.0 = Release|Any CPU
	EndGlobalSection
	GlobalSection(SolutionProperties) = preSolution
		HideSolutionNode = FALSE
	EndGlobalSection
	GlobalSection(ExtensibilityGlobals) = postSolution
		SolutionGuid = {1CB5EAFF-D72C-4E74-B9A0-50D912988188}
	EndGlobalSection
EndGlobal
